// !$*UTF8*$!
{
	archiveVersion = 1;
	classes = {
	};
	objectVersion = 46;
	objects = {

/* Begin PBXBuildFile section */
		390370411CAE653200609F72 /* PlayerItemCell.swift in Sources */ = {isa = PBXBuildFile; fileRef = 390370401CAE653200609F72 /* PlayerItemCell.swift */; };
		390370431CAE66DB00609F72 /* PlayerTableDataSource.swift in Sources */ = {isa = PBXBuildFile; fileRef = 390370421CAE66DB00609F72 /* PlayerTableDataSource.swift */; };
		390370451CAE69F100609F72 /* PlayerItemModel.swift in Sources */ = {isa = PBXBuildFile; fileRef = 390370441CAE69F100609F72 /* PlayerItemModel.swift */; };
		390909B71C9A774300EFB419 /* AppDelegate.swift in Sources */ = {isa = PBXBuildFile; fileRef = 390909B61C9A774300EFB419 /* AppDelegate.swift */; };
		390909B91C9A774300EFB419 /* ViewController.swift in Sources */ = {isa = PBXBuildFile; fileRef = 390909B81C9A774300EFB419 /* ViewController.swift */; };
		390909BC1C9A774300EFB419 /* Main.storyboard in Resources */ = {isa = PBXBuildFile; fileRef = 390909BA1C9A774300EFB419 /* Main.storyboard */; };
		390909BE1C9A774300EFB419 /* Assets.xcassets in Resources */ = {isa = PBXBuildFile; fileRef = 390909BD1C9A774300EFB419 /* Assets.xcassets */; };
		390909C11C9A774300EFB419 /* LaunchScreen.storyboard in Resources */ = {isa = PBXBuildFile; fileRef = 390909BF1C9A774300EFB419 /* LaunchScreen.storyboard */; };
		390909C91C9A79AD00EFB419 /* AVKit.framework in Frameworks */ = {isa = PBXBuildFile; fileRef = 390909C81C9A79AD00EFB419 /* AVKit.framework */; };
		390909CC1C9A7A8900EFB419 /* MediaPlayer.framework in Frameworks */ = {isa = PBXBuildFile; fileRef = 390909CA1C9A7A8900EFB419 /* MediaPlayer.framework */; };
		390909CD1C9A7A8900EFB419 /* MediaToolbox.framework in Frameworks */ = {isa = PBXBuildFile; fileRef = 390909CB1C9A7A8900EFB419 /* MediaToolbox.framework */; };
		39E6A2ED1CAA17CC0052786C /* MediaToolBar.swift in Sources */ = {isa = PBXBuildFile; fileRef = 39E6A2EC1CAA17CC0052786C /* MediaToolBar.swift */; };
		39E6A2F31CAA5F4C0052786C /* SPVideoPlayer.swift in Sources */ = {isa = PBXBuildFile; fileRef = 39E6A2F21CAA5F4C0052786C /* SPVideoPlayer.swift */; };
		39E6A2F51CAA60ED0052786C /* MediaToolBarDelegate.swift in Sources */ = {isa = PBXBuildFile; fileRef = 39E6A2F41CAA60ED0052786C /* MediaToolBarDelegate.swift */; };
		39FB678A1CABD505008DEDDF /* MenuView.swift in Sources */ = {isa = PBXBuildFile; fileRef = 39FB67891CABD505008DEDDF /* MenuView.swift */; };
/* End PBXBuildFile section */

/* Begin PBXFileReference section */
		390370401CAE653200609F72 /* PlayerItemCell.swift */ = {isa = PBXFileReference; fileEncoding = 4; lastKnownFileType = sourcecode.swift; path = PlayerItemCell.swift; sourceTree = "<group>"; };
		390370421CAE66DB00609F72 /* PlayerTableDataSource.swift */ = {isa = PBXFileReference; fileEncoding = 4; lastKnownFileType = sourcecode.swift; path = PlayerTableDataSource.swift; sourceTree = "<group>"; };
		390370441CAE69F100609F72 /* PlayerItemModel.swift */ = {isa = PBXFileReference; fileEncoding = 4; lastKnownFileType = sourcecode.swift; path = PlayerItemModel.swift; sourceTree = "<group>"; };
		390909B31C9A774300EFB419 /* VideoPlayer.app */ = {isa = PBXFileReference; explicitFileType = wrapper.application; includeInIndex = 0; path = VideoPlayer.app; sourceTree = BUILT_PRODUCTS_DIR; };
		390909B61C9A774300EFB419 /* AppDelegate.swift */ = {isa = PBXFileReference; lastKnownFileType = sourcecode.swift; path = AppDelegate.swift; sourceTree = "<group>"; };
		390909B81C9A774300EFB419 /* ViewController.swift */ = {isa = PBXFileReference; lastKnownFileType = sourcecode.swift; path = ViewController.swift; sourceTree = "<group>"; };
		390909BB1C9A774300EFB419 /* Base */ = {isa = PBXFileReference; lastKnownFileType = file.storyboard; name = Base; path = Base.lproj/Main.storyboard; sourceTree = "<group>"; };
		390909BD1C9A774300EFB419 /* Assets.xcassets */ = {isa = PBXFileReference; lastKnownFileType = folder.assetcatalog; path = Assets.xcassets; sourceTree = "<group>"; };
		390909C01C9A774300EFB419 /* Base */ = {isa = PBXFileReference; lastKnownFileType = file.storyboard; name = Base; path = Base.lproj/LaunchScreen.storyboard; sourceTree = "<group>"; };
		390909C21C9A774300EFB419 /* Info.plist */ = {isa = PBXFileReference; lastKnownFileType = text.plist.xml; path = Info.plist; sourceTree = "<group>"; };
		390909C81C9A79AD00EFB419 /* AVKit.framework */ = {isa = PBXFileReference; lastKnownFileType = wrapper.framework; name = AVKit.framework; path = System/Library/Frameworks/AVKit.framework; sourceTree = SDKROOT; };
		390909CA1C9A7A8900EFB419 /* MediaPlayer.framework */ = {isa = PBXFileReference; lastKnownFileType = wrapper.framework; name = MediaPlayer.framework; path = System/Library/Frameworks/MediaPlayer.framework; sourceTree = SDKROOT; };
		390909CB1C9A7A8900EFB419 /* MediaToolbox.framework */ = {isa = PBXFileReference; lastKnownFileType = wrapper.framework; name = MediaToolbox.framework; path = System/Library/Frameworks/MediaToolbox.framework; sourceTree = SDKROOT; };
		39E6A2EC1CAA17CC0052786C /* MediaToolBar.swift */ = {isa = PBXFileReference; fileEncoding = 4; lastKnownFileType = sourcecode.swift; path = MediaToolBar.swift; sourceTree = "<group>"; };
		39E6A2F21CAA5F4C0052786C /* SPVideoPlayer.swift */ = {isa = PBXFileReference; fileEncoding = 4; lastKnownFileType = sourcecode.swift; path = SPVideoPlayer.swift; sourceTree = "<group>"; };
		39E6A2F41CAA60ED0052786C /* MediaToolBarDelegate.swift */ = {isa = PBXFileReference; fileEncoding = 4; lastKnownFileType = sourcecode.swift; path = MediaToolBarDelegate.swift; sourceTree = "<group>"; };
		39FB67891CABD505008DEDDF /* MenuView.swift */ = {isa = PBXFileReference; fileEncoding = 4; lastKnownFileType = sourcecode.swift; path = MenuView.swift; sourceTree = "<group>"; };
/* End PBXFileReference section */

/* Begin PBXFrameworksBuildPhase section */
		390909B01C9A774300EFB419 /* Frameworks */ = {
			isa = PBXFrameworksBuildPhase;
			buildActionMask = 2147483647;
			files = (
				390909CC1C9A7A8900EFB419 /* MediaPlayer.framework in Frameworks */,
				390909CD1C9A7A8900EFB419 /* MediaToolbox.framework in Frameworks */,
				390909C91C9A79AD00EFB419 /* AVKit.framework in Frameworks */,
			);
			runOnlyForDeploymentPostprocessing = 0;
		};
/* End PBXFrameworksBuildPhase section */

/* Begin PBXGroup section */
		390909AA1C9A774300EFB419 = {
			isa = PBXGroup;
			children = (
				390909CA1C9A7A8900EFB419 /* MediaPlayer.framework */,
				390909CB1C9A7A8900EFB419 /* MediaToolbox.framework */,
				390909C81C9A79AD00EFB419 /* AVKit.framework */,
				390909B51C9A774300EFB419 /* VideoPlayer */,
				390909B41C9A774300EFB419 /* Products */,
			);
			sourceTree = "<group>";
		};
		390909B41C9A774300EFB419 /* Products */ = {
			isa = PBXGroup;
			children = (
				390909B31C9A774300EFB419 /* VideoPlayer.app */,
			);
			name = Products;
			sourceTree = "<group>";
		};
		390909B51C9A774300EFB419 /* VideoPlayer */ = {
			isa = PBXGroup;
			children = (
				39E6A2F11CAA5F2C0052786C /* SPVideoPlayer */,
				390909B61C9A774300EFB419 /* AppDelegate.swift */,
				390909B81C9A774300EFB419 /* ViewController.swift */,
				390909BA1C9A774300EFB419 /* Main.storyboard */,
				390909BD1C9A774300EFB419 /* Assets.xcassets */,
				390909BF1C9A774300EFB419 /* LaunchScreen.storyboard */,
				390909C21C9A774300EFB419 /* Info.plist */,
			);
			path = VideoPlayer;
			sourceTree = "<group>";
		};
		39E6A2F11CAA5F2C0052786C /* SPVideoPlayer */ = {
			isa = PBXGroup;
			children = (
				39E6A2EC1CAA17CC0052786C /* MediaToolBar.swift */,
				39E6A2F21CAA5F4C0052786C /* SPVideoPlayer.swift */,
				39E6A2F41CAA60ED0052786C /* MediaToolBarDelegate.swift */,
				39FB67891CABD505008DEDDF /* MenuView.swift */,
				390370401CAE653200609F72 /* PlayerItemCell.swift */,
				390370421CAE66DB00609F72 /* PlayerTableDataSource.swift */,
				390370441CAE69F100609F72 /* PlayerItemModel.swift */,
			);
			name = SPVideoPlayer;
			sourceTree = "<group>";
		};
/* End PBXGroup section */

/* Begin PBXNativeTarget section */
		390909B21C9A774300EFB419 /* VideoPlayer */ = {
			isa = PBXNativeTarget;
			buildConfigurationList = 390909C51C9A774300EFB419 /* Build configuration list for PBXNativeTarget "VideoPlayer" */;
			buildPhases = (
				390909AF1C9A774300EFB419 /* Sources */,
				390909B01C9A774300EFB419 /* Frameworks */,
				390909B11C9A774300EFB419 /* Resources */,
			);
			buildRules = (
			);
			dependencies = (
			);
			name = VideoPlayer;
			productName = VideoPlayer;
			productReference = 390909B31C9A774300EFB419 /* VideoPlayer.app */;
			productType = "com.apple.product-type.application";
		};
/* End PBXNativeTarget section */

/* Begin PBXProject section */
		390909AB1C9A774300EFB419 /* Project object */ = {
			isa = PBXProject;
			attributes = {
				LastSwiftUpdateCheck = 0720;
				LastUpgradeCheck = 0720;
				ORGANIZATIONNAME = "sergey petrachkov";
				TargetAttributes = {
					390909B21C9A774300EFB419 = {
						CreatedOnToolsVersion = 7.2.1;
					};
				};
			};
			buildConfigurationList = 390909AE1C9A774300EFB419 /* Build configuration list for PBXProject "VideoPlayer" */;
			compatibilityVersion = "Xcode 3.2";
			developmentRegion = English;
			hasScannedForEncodings = 0;
			knownRegions = (
				en,
				Base,
			);
			mainGroup = 390909AA1C9A774300EFB419;
			productRefGroup = 390909B41C9A774300EFB419 /* Products */;
			projectDirPath = "";
			projectRoot = "";
			targets = (
				390909B21C9A774300EFB419 /* VideoPlayer */,
			);
		};
/* End PBXProject section */

/* Begin PBXResourcesBuildPhase section */
		390909B11C9A774300EFB419 /* Resources */ = {
			isa = PBXResourcesBuildPhase;
			buildActionMask = 2147483647;
			files = (
				390909C11C9A774300EFB419 /* LaunchScreen.storyboard in Resources */,
				390909BE1C9A774300EFB419 /* Assets.xcassets in Resources */,
				390909BC1C9A774300EFB419 /* Main.storyboard in Resources */,
			);
			runOnlyForDeploymentPostprocessing = 0;
		};
/* End PBXResourcesBuildPhase section */

/* Begin PBXSourcesBuildPhase section */
		390909AF1C9A774300EFB419 /* Sources */ = {
			isa = PBXSourcesBuildPhase;
			buildActionMask = 2147483647;
			files = (
				390909B91C9A774300EFB419 /* ViewController.swift in Sources */,
				39E6A2F31CAA5F4C0052786C /* SPVideoPlayer.swift in Sources */,
				390370411CAE653200609F72 /* PlayerItemCell.swift in Sources */,
				39E6A2F51CAA60ED0052786C /* MediaToolBarDelegate.swift in Sources */,
				39E6A2ED1CAA17CC0052786C /* MediaToolBar.swift in Sources */,
				390909B71C9A774300EFB419 /* AppDelegate.swift in Sources */,
				390370431CAE66DB00609F72 /* PlayerTableDataSource.swift in Sources */,
				39FB678A1CABD505008DEDDF /* MenuView.swift in Sources */,
				390370451CAE69F100609F72 /* PlayerItemModel.swift in Sources */,
			);
			runOnlyForDeploymentPostprocessing = 0;
		};
/* End PBXSourcesBuildPhase section */

/* Begin PBXVariantGroup section */
		390909BA1C9A774300EFB419 /* Main.storyboard */ = {
			isa = PBXVariantGroup;
			children = (
				390909BB1C9A774300EFB419 /* Base */,
			);
			name = Main.storyboard;
			sourceTree = "<group>";
		};
		390909BF1C9A774300EFB419 /* LaunchScreen.storyboard */ = {
			isa = PBXVariantGroup;
			children = (
				390909C01C9A774300EFB419 /* Base */,
			);
			name = LaunchScreen.storyboard;
			sourceTree = "<group>";
		};
/* End PBXVariantGroup section */

/* Begin XCBuildConfiguration section */
		390909C31C9A774300EFB419 /* Debug */ = {
			isa = XCBuildConfiguration;
			buildSettings = {
				ALWAYS_SEARCH_USER_PATHS = NO;
				CLANG_CXX_LANGUAGE_STANDARD = "gnu++0x";
				CLANG_CXX_LIBRARY = "libc++";
				CLANG_ENABLE_MODULES = YES;
				CLANG_ENABLE_OBJC_ARC = YES;
				CLANG_WARN_BOOL_CONVERSION = YES;
				CLANG_WARN_CONSTANT_CONVERSION = YES;
				CLANG_WARN_DIRECT_OBJC_ISA_USAGE = YES_ERROR;
				CLANG_WARN_EMPTY_BODY = YES;
				CLANG_WARN_ENUM_CONVERSION = YES;
				CLANG_WARN_INT_CONVERSION = YES;
				CLANG_WARN_OBJC_ROOT_CLASS = YES_ERROR;
				CLANG_WARN_UNREACHABLE_CODE = YES;
				CLANG_WARN__DUPLICATE_METHOD_MATCH = YES;
				"CODE_SIGN_IDENTITY[sdk=iphoneos*]" = "iPhone Developer";
				COPY_PHASE_STRIP = NO;
				DEBUG_INFORMATION_FORMAT = dwarf;
				ENABLE_STRICT_OBJC_MSGSEND = YES;
				ENABLE_TESTABILITY = YES;
				GCC_C_LANGUAGE_STANDARD = gnu99;
				GCC_DYNAMIC_NO_PIC = NO;
				GCC_NO_COMMON_BLOCKS = YES;
				GCC_OPTIMIZATION_LEVEL = 0;
				GCC_PREPROCESSOR_DEFINITIONS = (
					"DEBUG=1",
					"$(inherited)",
				);
				GCC_WARN_64_TO_32_BIT_CONVERSION = YES;
				GCC_WARN_ABOUT_RETURN_TYPE = YES_ERROR;
				GCC_WARN_UNDECLARED_SELECTOR = YES;
				GCC_WARN_UNINITIALIZED_AUTOS = YES_AGGRESSIVE;
				GCC_WARN_UNUSED_FUNCTION = YES;
				GCC_WARN_UNUSED_VARIABLE = YES;
				IPHONEOS_DEPLOYMENT_TARGET = 9.2;
				MTL_ENABLE_DEBUG_INFO = YES;
				ONLY_ACTIVE_ARCH = YES;
				SDKROOT = iphoneos;
				SWIFT_OPTIMIZATION_LEVEL = "-Onone";
			};
			name = Debug;
		};
		390909C41C9A774300EFB419 /* Release */ = {
			isa = XCBuildConfiguration;
			buildSettings = {
				ALWAYS_SEARCH_USER_PATHS = NO;
				CLANG_CXX_LANGUAGE_STANDARD = "gnu++0x";
				CLANG_CXX_LIBRARY = "libc++";
				CLANG_ENABLE_MODULES = YES;
				CLANG_ENABLE_OBJC_ARC = YES;
				CLANG_WARN_BOOL_CONVERSION = YES;
				CLANG_WARN_CONSTANT_CONVERSION = YES;
				CLANG_WARN_DIRECT_OBJC_ISA_USAGE = YES_ERROR;
				CLANG_WARN_EMPTY_BODY = YES;
				CLANG_WARN_ENUM_CONVERSION = YES;
				CLANG_WARN_INT_CONVERSION = YES;
				CLANG_WARN_OBJC_ROOT_CLASS = YES_ERROR;
				CLANG_WARN_UNREACHABLE_CODE = YES;
				CLANG_WARN__DUPLICATE_METHOD_MATCH = YES;
				"CODE_SIGN_IDENTITY[sdk=iphoneos*]" = "iPhone Developer";
				COPY_PHASE_STRIP = NO;
				DEBUG_INFORMATION_FORMAT = "dwarf-with-dsym";
				ENABLE_NS_ASSERTIONS = NO;
				ENABLE_STRICT_OBJC_MSGSEND = YES;
				GCC_C_LANGUAGE_STANDARD = gnu99;
				GCC_NO_COMMON_BLOCKS = YES;
				GCC_WARN_64_TO_32_BIT_CONVERSION = YES;
				GCC_WARN_ABOUT_RETURN_TYPE = YES_ERROR;
				GCC_WARN_UNDECLARED_SELECTOR = YES;
				GCC_WARN_UNINITIALIZED_AUTOS = YES_AGGRESSIVE;
				GCC_WARN_UNUSED_FUNCTION = YES;
				GCC_WARN_UNUSED_VARIABLE = YES;
				IPHONEOS_DEPLOYMENT_TARGET = 9.2;
				MTL_ENABLE_DEBUG_INFO = NO;
				SDKROOT = iphoneos;
				VALIDATE_PRODUCT = YES;
			};
			name = Release;
		};
		390909C61C9A774300EFB419 /* Debug */ = {
			isa = XCBuildConfiguration;
			buildSettings = {
				ASSETCATALOG_COMPILER_APPICON_NAME = AppIcon;
				INFOPLIST_FILE = VideoPlayer/Info.plist;
				IPHONEOS_DEPLOYMENT_TARGET = 8.1;
				LD_RUNPATH_SEARCH_PATHS = "$(inherited) @executable_path/Frameworks";
				PRODUCT_BUNDLE_IDENTIFIER = com.petrachkov.VideoPlayer;
				PRODUCT_NAME = "$(TARGET_NAME)";
				TARGETED_DEVICE_FAMILY = "1,2";
			};
			name = Debug;
		};
		390909C71C9A774300EFB419 /* Release */ = {
			isa = XCBuildConfiguration;
			buildSettings = {
				ASSETCATALOG_COMPILER_APPICON_NAME = AppIcon;
				INFOPLIST_FILE = VideoPlayer/Info.plist;
				IPHONEOS_DEPLOYMENT_TARGET = 8.1;
				LD_RUNPATH_SEARCH_PATHS = "$(inherited) @executable_path/Frameworks";
				PRODUCT_BUNDLE_IDENTIFIER = com.petrachkov.VideoPlayer;
				PRODUCT_NAME = "$(TARGET_NAME)";
				TARGETED_DEVICE_FAMILY = "1,2";
			};
			name = Release;
		};
/* End XCBuildConfiguration section */

/* Begin XCConfigurationList section */
		390909AE1C9A774300EFB419 /* Build configuration list for PBXProject "VideoPlayer" */ = {
			isa = XCConfigurationList;
			buildConfigurations = (
				390909C31C9A774300EFB419 /* Debug */,
				390909C41C9A774300EFB419 /* Release */,
			);
			defaultConfigurationIsVisible = 0;
			defaultConfigurationName = Release;
		};
		390909C51C9A774300EFB419 /* Build configuration list for PBXNativeTarget "VideoPlayer" */ = {
			isa = XCConfigurationList;
			buildConfigurations = (
				390909C61C9A774300EFB419 /* Debug */,
				390909C71C9A774300EFB419 /* Release */,
			);
			defaultConfigurationIsVisible = 0;
			defaultConfigurationName = Release;
		};
/* End XCConfigurationList section */
	};
	rootObject = 390909AB1C9A774300EFB419 /* Project object */;
}
